prepare:
  cmd: python src/make_dataset.py
  deps:
  - path: configs
    md5: 71c6796c1fe6e7e174915ae002ce1027.dir
    size: 2335
    nfiles: 11
  - path: datas/raw_dataset
    md5: 5547be2d2da225282c5439c0f336b9f1.dir
    size: 24349724
    nfiles: 4000
  - path: src/make_dataset.py
    md5: a297d328a7885864356b078f57519e00
    size: 7561
  outs:
  - path: datas/prepared_dataset/test.csv
    md5: 04015d6bda828cf84d21a2d008f08929
    size: 40016
  - path: datas/prepared_dataset/train.csv
    md5: a3346a6f4f4592fa90ecab6014a3a1a4
    size: 240016
  - path: datas/prepared_dataset/val.csv
    md5: 50eb8ee0b961f5bda351374b987d5ff1
    size: 40016
train:
  cmd: python src/train.py
  deps:
  - path: configs
    md5: 71c6796c1fe6e7e174915ae002ce1027.dir
    size: 2335
    nfiles: 11
  - path: datas/prepared_dataset/test.csv
    md5: 04015d6bda828cf84d21a2d008f08929
    size: 40016
  - path: datas/prepared_dataset/train.csv
    md5: a3346a6f4f4592fa90ecab6014a3a1a4
    size: 240016
  - path: datas/prepared_dataset/val.csv
    md5: 50eb8ee0b961f5bda351374b987d5ff1
    size: 40016
  - path: src/train.py
    md5: 3eb61a397350cc07e1c65366de4f4952
    size: 4348
